{
  "name": "react-native-google-places-x",
  "version": "2.4.4",
  "lockfileVersion": 1,
  "requires": true,
  "dependencies": {
    "react-native-google-places": {
      "version": "3.1.2",
      "resolved": "https://registry.npmjs.org/react-native-google-places/-/react-native-google-places-3.1.2.tgz",
      "integrity": "sha512-aKPbGHga3k/Vkfw9NMf/1t0sivdqxn4qzCbEyAfmhxO7Mlqv9Nljjnez6rp6MZGwh89ss3/a9lhM4ulyZ6o0ew=="
    }
  }
}
